{
  "requires": true,
  "lockfileVersion": 1,
  "dependencies": {
    "domino": {
      "version": "2.1.6",
      "resolved": "https://registry.npmjs.org/domino/-/domino-2.1.6.tgz",
      "integrity": "sha512-3VdM/SXBZX2omc9JF9nOPCtDaYQ67BGp5CoLpIQlO2KCAPETs8TcDHacF26jXadGbvUteZzRTeos2fhID5+ucQ=="
    },
    "node-fetch": {
      "version": "2.6.1",
      "resolved": "https://registry.npmjs.org/node-fetch/-/node-fetch-2.6.1.tgz",
      "integrity": "sha512-V4aYg89jEoVRxRb2fJdAg8FHvI7cEyYdVAh94HH0UIK8oJxUfkjlDQN9RbMx+bEjP7+ggMiFRprSti032Oipxw=="
    },
    "pretty-bytes": {
      "version": "5.4.1",
      "resolved": "https://registry.npmjs.org/pretty-bytes/-/pretty-bytes-5.4.1.tgz",
      "integrity": "sha512-s1Iam6Gwz3JI5Hweaz4GoCD1WUNUIyzePFy5+Js2hjwGVt2Z79wNN+ZKOZ2vB6C+Xs6njyB84Z1IthQg8d9LxA=="
    }
  }
}
